// !$*UTF8*$!
{
	archiveVersion = 1;
	classes = {
	};
	objectVersion = 55;
	objects = {

/* Begin PBXBuildFile section */
		3433D0F828C09475002D8495 /* AppDelegate.swift in Sources */ = {isa = PBXBuildFile; fileRef = 3433D0F728C09475002D8495 /* AppDelegate.swift */; };
		3433D0FA28C09475002D8495 /* SceneDelegate.swift in Sources */ = {isa = PBXBuildFile; fileRef = 3433D0F928C09475002D8495 /* SceneDelegate.swift */; };
		3433D0FC28C09475002D8495 /* ViewController.swift in Sources */ = {isa = PBXBuildFile; fileRef = 3433D0FB28C09475002D8495 /* ViewController.swift */; };
		3433D0FF28C09475002D8495 /* Main.storyboard in Resources */ = {isa = PBXBuildFile; fileRef = 3433D0FD28C09475002D8495 /* Main.storyboard */; };
		3433D10128C09478002D8495 /* Assets.xcassets in Resources */ = {isa = PBXBuildFile; fileRef = 3433D10028C09478002D8495 /* Assets.xcassets */; };
		3433D10428C09478002D8495 /* LaunchScreen.storyboard in Resources */ = {isa = PBXBuildFile; fileRef = 3433D10228C09478002D8495 /* LaunchScreen.storyboard */; };
		3433D10F28C09478002D8495 /* SeguesAndGesturesTests.swift in Sources */ = {isa = PBXBuildFile; fileRef = 3433D10E28C09478002D8495 /* SeguesAndGesturesTests.swift */; };
		3433D11928C09478002D8495 /* SeguesAndGesturesUITests.swift in Sources */ = {isa = PBXBuildFile; fileRef = 3433D11828C09478002D8495 /* SeguesAndGesturesUITests.swift */; };
		3433D11B28C09478002D8495 /* SeguesAndGesturesUITestsLaunchTests.swift in Sources */ = {isa = PBXBuildFile; fileRef = 3433D11A28C09478002D8495 /* SeguesAndGesturesUITestsLaunchTests.swift */; };
		3433D12828C0A4A3002D8495 /* ScreenTwoViewController.swift in Sources */ = {isa = PBXBuildFile; fileRef = 3433D12728C0A4A3002D8495 /* ScreenTwoViewController.swift */; };
/* End PBXBuildFile section */

/* Begin PBXContainerItemProxy section */
		3433D10B28C09478002D8495 /* PBXContainerItemProxy */ = {
			isa = PBXContainerItemProxy;
			containerPortal = 3433D0EC28C09475002D8495 /* Project object */;
			proxyType = 1;
			remoteGlobalIDString = 3433D0F328C09475002D8495;
			remoteInfo = SeguesAndGestures;
		};
		3433D11528C09478002D8495 /* PBXContainerItemProxy */ = {
			isa = PBXContainerItemProxy;
			containerPortal = 3433D0EC28C09475002D8495 /* Project object */;
			proxyType = 1;
			remoteGlobalIDString = 3433D0F328C09475002D8495;
			remoteInfo = SeguesAndGestures;
		};
/* End PBXContainerItemProxy section */

/* Begin PBXFileReference section */
		3433D0F428C09475002D8495 /* SeguesAndGestures.app */ = {isa = PBXFileReference; explicitFileType = wrapper.application; includeInIndex = 0; path = SeguesAndGestures.app; sourceTree = BUILT_PRODUCTS_DIR; };
		3433D0F728C09475002D8495 /* AppDelegate.swift */ = {isa = PBXFileReference; lastKnownFileType = sourcecode.swift; path = AppDelegate.swift; sourceTree = "<group>"; };
		3433D0F928C09475002D8495 /* SceneDelegate.swift */ = {isa = PBXFileReference; lastKnownFileType = sourcecode.swift; path = SceneDelegate.swift; sourceTree = "<group>"; };
		3433D0FB28C09475002D8495 /* ViewController.swift */ = {isa = PBXFileReference; lastKnownFileType = sourcecode.swift; path = ViewController.swift; sourceTree = "<group>"; };
		3433D0FE28C09475002D8495 /* Base */ = {isa = PBXFileReference; lastKnownFileType = file.storyboard; name = Base; path = Base.lproj/Main.storyboard; sourceTree = "<group>"; };
		3433D10028C09478002D8495 /* Assets.xcassets */ = {isa = PBXFileReference; lastKnownFileType = folder.assetcatalog; path = Assets.xcassets; sourceTree = "<group>"; };
		3433D10328C09478002D8495 /* Base */ = {isa = PBXFileReference; lastKnownFileType = file.storyboard; name = Base; path = Base.lproj/LaunchScreen.storyboard; sourceTree = "<group>"; };
		3433D10528C09478002D8495 /* Info.plist */ = {isa = PBXFileReference; lastKnownFileType = text.plist.xml; path = Info.plist; sourceTree = "<group>"; };
		3433D10A28C09478002D8495 /* SeguesAndGesturesTests.xctest */ = {isa = PBXFileReference; explicitFileType = wrapper.cfbundle; includeInIndex = 0; path = SeguesAndGesturesTests.xctest; sourceTree = BUILT_PRODUCTS_DIR; };
		3433D10E28C09478002D8495 /* SeguesAndGesturesTests.swift */ = {isa = PBXFileReference; lastKnownFileType = sourcecode.swift; path = SeguesAndGesturesTests.swift; sourceTree = "<group>"; };
		3433D11428C09478002D8495 /* SeguesAndGesturesUITests.xctest */ = {isa = PBXFileReference; explicitFileType = wrapper.cfbundle; includeInIndex = 0; path = SeguesAndGesturesUITests.xctest; sourceTree = BUILT_PRODUCTS_DIR; };
		3433D11828C09478002D8495 /* SeguesAndGesturesUITests.swift */ = {isa = PBXFileReference; lastKnownFileType = sourcecode.swift; path = SeguesAndGesturesUITests.swift; sourceTree = "<group>"; };
		3433D11A28C09478002D8495 /* SeguesAndGesturesUITestsLaunchTests.swift */ = {isa = PBXFileReference; lastKnownFileType = sourcecode.swift; path = SeguesAndGesturesUITestsLaunchTests.swift; sourceTree = "<group>"; };
		3433D12728C0A4A3002D8495 /* ScreenTwoViewController.swift */ = {isa = PBXFileReference; lastKnownFileType = sourcecode.swift; path = ScreenTwoViewController.swift; sourceTree = "<group>"; };
/* End PBXFileReference section */

/* Begin PBXFrameworksBuildPhase section */
		3433D0F128C09475002D8495 /* Frameworks */ = {
			isa = PBXFrameworksBuildPhase;
			buildActionMask = 2147483647;
			files = (
			);
			runOnlyForDeploymentPostprocessing = 0;
		};
		3433D10728C09478002D8495 /* Frameworks */ = {
			isa = PBXFrameworksBuildPhase;
			buildActionMask = 2147483647;
			files = (
			);
			runOnlyForDeploymentPostprocessing = 0;
		};
		3433D11128C09478002D8495 /* Frameworks */ = {
			isa = PBXFrameworksBuildPhase;
			buildActionMask = 2147483647;
			files = (
			);
			runOnlyForDeploymentPostprocessing = 0;
		};
/* End PBXFrameworksBuildPhase section */

/* Begin PBXGroup section */
		3433D0EB28C09475002D8495 = {
			isa = PBXGroup;
			children = (
				3433D0F628C09475002D8495 /* SeguesAndGestures */,
				3433D10D28C09478002D8495 /* SeguesAndGesturesTests */,
				3433D11728C09478002D8495 /* SeguesAndGesturesUITests */,
				3433D0F528C09475002D8495 /* Products */,
			);
			sourceTree = "<group>";
		};
		3433D0F528C09475002D8495 /* Products */ = {
			isa = PBXGroup;
			children = (
				3433D0F428C09475002D8495 /* SeguesAndGestures.app */,
				3433D10A28C09478002D8495 /* SeguesAndGesturesTests.xctest */,
				3433D11428C09478002D8495 /* SeguesAndGesturesUITests.xctest */,
			);
			name = Products;
			sourceTree = "<group>";
		};
		3433D0F628C09475002D8495 /* SeguesAndGestures */ = {
			isa = PBXGroup;
			children = (
				3433D0F728C09475002D8495 /* AppDelegate.swift */,
				3433D0F928C09475002D8495 /* SceneDelegate.swift */,
				3433D0FB28C09475002D8495 /* ViewController.swift */,
				3433D0FD28C09475002D8495 /* Main.storyboard */,
				3433D10028C09478002D8495 /* Assets.xcassets */,
				3433D10228C09478002D8495 /* LaunchScreen.storyboard */,
				3433D10528C09478002D8495 /* Info.plist */,
				3433D12728C0A4A3002D8495 /* ScreenTwoViewController.swift */,
			);
			path = SeguesAndGestures;
			sourceTree = "<group>";
		};
		3433D10D28C09478002D8495 /* SeguesAndGesturesTests */ = {
			isa = PBXGroup;
			children = (
				3433D10E28C09478002D8495 /* SeguesAndGesturesTests.swift */,
			);
			path = SeguesAndGesturesTests;
			sourceTree = "<group>";
		};
		3433D11728C09478002D8495 /* SeguesAndGesturesUITests */ = {
			isa = PBXGroup;
			children = (
				3433D11828C09478002D8495 /* SeguesAndGesturesUITests.swift */,
				3433D11A28C09478002D8495 /* SeguesAndGesturesUITestsLaunchTests.swift */,
			);
			path = SeguesAndGesturesUITests;
			sourceTree = "<group>";
		};
/* End PBXGroup section */

/* Begin PBXNativeTarget section */
		3433D0F328C09475002D8495 /* SeguesAndGestures */ = {
			isa = PBXNativeTarget;
			buildConfigurationList = 3433D11E28C09478002D8495 /* Build configuration list for PBXNativeTarget "SeguesAndGestures" */;
			buildPhases = (
				3433D0F028C09475002D8495 /* Sources */,
				3433D0F128C09475002D8495 /* Frameworks */,
				3433D0F228C09475002D8495 /* Resources */,
			);
			buildRules = (
			);
			dependencies = (
			);
			name = SeguesAndGestures;
			productName = SeguesAndGestures;
			productReference = 3433D0F428C09475002D8495 /* SeguesAndGestures.app */;
			productType = "com.apple.product-type.application";
		};
		3433D10928C09478002D8495 /* SeguesAndGesturesTests */ = {
			isa = PBXNativeTarget;
			buildConfigurationList = 3433D12128C09478002D8495 /* Build configuration list for PBXNativeTarget "SeguesAndGesturesTests" */;
			buildPhases = (
				3433D10628C09478002D8495 /* Sources */,
				3433D10728C09478002D8495 /* Frameworks */,
				3433D10828C09478002D8495 /* Resources */,
			);
			buildRules = (
			);
			dependencies = (
				3433D10C28C09478002D8495 /* PBXTargetDependency */,
			);
			name = SeguesAndGesturesTests;
			productName = SeguesAndGesturesTests;
			productReference = 3433D10A28C09478002D8495 /* SeguesAndGesturesTests.xctest */;
			productType = "com.apple.product-type.bundle.unit-test";
		};
		3433D11328C09478002D8495 /* SeguesAndGesturesUITests */ = {
			isa = PBXNativeTarget;
			buildConfigurationList = 3433D12428C09478002D8495 /* Build configuration list for PBXNativeTarget "SeguesAndGesturesUITests" */;
			buildPhases = (
				3433D11028C09478002D8495 /* Sources */,
				3433D11128C09478002D8495 /* Frameworks */,
				3433D11228C09478002D8495 /* Resources */,
			);
			buildRules = (
			);
			dependencies = (
				3433D11628C09478002D8495 /* PBXTargetDependency */,
			);
			name = SeguesAndGesturesUITests;
			productName = SeguesAndGesturesUITests;
			productReference = 3433D11428C09478002D8495 /* SeguesAndGesturesUITests.xctest */;
			productType = "com.apple.product-type.bundle.ui-testing";
		};
/* End PBXNativeTarget section */

/* Begin PBXProject section */
		3433D0EC28C09475002D8495 /* Project object */ = {
			isa = PBXProject;
			attributes = {
				BuildIndependentTargetsInParallel = 1;
				LastSwiftUpdateCheck = 1320;
				LastUpgradeCheck = 1320;
				TargetAttributes = {
					3433D0F328C09475002D8495 = {
						CreatedOnToolsVersion = 13.2.1;
					};
					3433D10928C09478002D8495 = {
						CreatedOnToolsVersion = 13.2.1;
						TestTargetID = 3433D0F328C09475002D8495;
					};
					3433D11328C09478002D8495 = {
						CreatedOnToolsVersion = 13.2.1;
						TestTargetID = 3433D0F328C09475002D8495;
					};
				};
			};
			buildConfigurationList = 3433D0EF28C09475002D8495 /* Build configuration list for PBXProject "SeguesAndGestures" */;
			compatibilityVersion = "Xcode 13.0";
			developmentRegion = en;
			hasScannedForEncodings = 0;
			knownRegions = (
				en,
				Base,
			);
			mainGroup = 3433D0EB28C09475002D8495;
			productRefGroup = 3433D0F528C09475002D8495 /* Products */;
			projectDirPath = "";
			projectRoot = "";
			targets = (
				3433D0F328C09475002D8495 /* SeguesAndGestures */,
				3433D10928C09478002D8495 /* SeguesAndGesturesTests */,
				3433D11328C09478002D8495 /* SeguesAndGesturesUITests */,
			);
		};
/* End PBXProject section */

/* Begin PBXResourcesBuildPhase section */
		3433D0F228C09475002D8495 /* Resources */ = {
			isa = PBXResourcesBuildPhase;
			buildActionMask = 2147483647;
			files = (
				3433D10428C09478002D8495 /* LaunchScreen.storyboard in Resources */,
				3433D10128C09478002D8495 /* Assets.xcassets in Resources */,
				3433D0FF28C09475002D8495 /* Main.storyboard in Resources */,
			);
			runOnlyForDeploymentPostprocessing = 0;
		};
		3433D10828C09478002D8495 /* Resources */ = {
			isa = PBXResourcesBuildPhase;
			buildActionMask = 2147483647;
			files = (
			);
			runOnlyForDeploymentPostprocessing = 0;
		};
		3433D11228C09478002D8495 /* Resources */ = {
			isa = PBXResourcesBuildPhase;
			buildActionMask = 2147483647;
			files = (
			);
			runOnlyForDeploymentPostprocessing = 0;
		};
/* End PBXResourcesBuildPhase section */

/* Begin PBXSourcesBuildPhase section */
		3433D0F028C09475002D8495 /* Sources */ = {
			isa = PBXSourcesBuildPhase;
			buildActionMask = 2147483647;
			files = (
				3433D0FC28C09475002D8495 /* ViewController.swift in Sources */,
				3433D12828C0A4A3002D8495 /* ScreenTwoViewController.swift in Sources */,
				3433D0F828C09475002D8495 /* AppDelegate.swift in Sources */,
				3433D0FA28C09475002D8495 /* SceneDelegate.swift in Sources */,
			);
			runOnlyForDeploymentPostprocessing = 0;
		};
		3433D10628C09478002D8495 /* Sources */ = {
			isa = PBXSourcesBuildPhase;
			buildActionMask = 2147483647;
			files = (
				3433D10F28C09478002D8495 /* SeguesAndGesturesTests.swift in Sources */,
			);
			runOnlyForDeploymentPostprocessing = 0;
		};
		3433D11028C09478002D8495 /* Sources */ = {
			isa = PBXSourcesBuildPhase;
			buildActionMask = 2147483647;
			files = (
				3433D11B28C09478002D8495 /* SeguesAndGesturesUITestsLaunchTests.swift in Sources */,
				3433D11928C09478002D8495 /* SeguesAndGesturesUITests.swift in Sources */,
			);
			runOnlyForDeploymentPostprocessing = 0;
		};
/* End PBXSourcesBuildPhase section */

/* Begin PBXTargetDependency section */
		3433D10C28C09478002D8495 /* PBXTargetDependency */ = {
			isa = PBXTargetDependency;
			target = 3433D0F328C09475002D8495 /* SeguesAndGestures */;
			targetProxy = 3433D10B28C09478002D8495 /* PBXContainerItemProxy */;
		};
		3433D11628C09478002D8495 /* PBXTargetDependency */ = {
			isa = PBXTargetDependency;
			target = 3433D0F328C09475002D8495 /* SeguesAndGestures */;
			targetProxy = 3433D11528C09478002D8495 /* PBXContainerItemProxy */;
		};
/* End PBXTargetDependency section */

/* Begin PBXVariantGroup section */
		3433D0FD28C09475002D8495 /* Main.storyboard */ = {
			isa = PBXVariantGroup;
			children = (
				3433D0FE28C09475002D8495 /* Base */,
			);
			name = Main.storyboard;
			sourceTree = "<group>";
		};
		3433D10228C09478002D8495 /* LaunchScreen.storyboard */ = {
			isa = PBXVariantGroup;
			children = (
				3433D10328C09478002D8495 /* Base */,
			);
			name = LaunchScreen.storyboard;
			sourceTree = "<group>";
		};
/* End PBXVariantGroup section */

/* Begin XCBuildConfiguration section */
		3433D11C28C09478002D8495 /* Debug */ = {
			isa = XCBuildConfiguration;
			buildSettings = {
				ALWAYS_SEARCH_USER_PATHS = NO;
				CLANG_ANALYZER_NONNULL = YES;
				CLANG_ANALYZER_NUMBER_OBJECT_CONVERSION = YES_AGGRESSIVE;
				CLANG_CXX_LANGUAGE_STANDARD = "gnu++17";
				CLANG_CXX_LIBRARY = "libc++";
				CLANG_ENABLE_MODULES = YES;
				CLANG_ENABLE_OBJC_ARC = YES;
				CLANG_ENABLE_OBJC_WEAK = YES;
				CLANG_WARN_BLOCK_CAPTURE_AUTORELEASING = YES;
				CLANG_WARN_BOOL_CONVERSION = YES;
				CLANG_WARN_COMMA = YES;
				CLANG_WARN_CONSTANT_CONVERSION = YES;
				CLANG_WARN_DEPRECATED_OBJC_IMPLEMENTATIONS = YES;
				CLANG_WARN_DIRECT_OBJC_ISA_USAGE = YES_ERROR;
				CLANG_WARN_DOCUMENTATION_COMMENTS = YES;
				CLANG_WARN_EMPTY_BODY = YES;
				CLANG_WARN_ENUM_CONVERSION = YES;
				CLANG_WARN_INFINITE_RECURSION = YES;
				CLANG_WARN_INT_CONVERSION = YES;
				CLANG_WARN_NON_LITERAL_NULL_CONVERSION = YES;
				CLANG_WARN_OBJC_IMPLICIT_RETAIN_SELF = YES;
				CLANG_WARN_OBJC_LITERAL_CONVERSION = YES;
				CLANG_WARN_OBJC_ROOT_CLASS = YES_ERROR;
				CLANG_WARN_QUOTED_INCLUDE_IN_FRAMEWORK_HEADER = YES;
				CLANG_WARN_RANGE_LOOP_ANALYSIS = YES;
				CLANG_WARN_STRICT_PROTOTYPES = YES;
				CLANG_WARN_SUSPICIOUS_MOVE = YES;
				CLANG_WARN_UNGUARDED_AVAILABILITY = YES_AGGRESSIVE;
				CLANG_WARN_UNREACHABLE_CODE = YES;
				CLANG_WARN__DUPLICATE_METHOD_MATCH = YES;
				COPY_PHASE_STRIP = NO;
				DEBUG_INFORMATION_FORMAT = dwarf;
				ENABLE_STRICT_OBJC_MSGSEND = YES;
				ENABLE_TESTABILITY = YES;
				GCC_C_LANGUAGE_STANDARD = gnu11;
				GCC_DYNAMIC_NO_PIC = NO;
				GCC_NO_COMMON_BLOCKS = YES;
				GCC_OPTIMIZATION_LEVEL = 0;
				GCC_PREPROCESSOR_DEFINITIONS = (
					"DEBUG=1",
					"$(inherited)",
				);
				GCC_WARN_64_TO_32_BIT_CONVERSION = YES;
				GCC_WARN_ABOUT_RETURN_TYPE = YES_ERROR;
				GCC_WARN_UNDECLARED_SELECTOR = YES;
				GCC_WARN_UNINITIALIZED_AUTOS = YES_AGGRESSIVE;
				GCC_WARN_UNUSED_FUNCTION = YES;
				GCC_WARN_UNUSED_VARIABLE = YES;
				IPHONEOS_DEPLOYMENT_TARGET = 15.2;
				MTL_ENABLE_DEBUG_INFO = INCLUDE_SOURCE;
				MTL_FAST_MATH = YES;
				ONLY_ACTIVE_ARCH = YES;
				SDKROOT = iphoneos;
				SWIFT_ACTIVE_COMPILATION_CONDITIONS = DEBUG;
				SWIFT_OPTIMIZATION_LEVEL = "-Onone";
			};
			name = Debug;
		};
		3433D11D28C09478002D8495 /* Release */ = {
			isa = XCBuildConfiguration;
			buildSettings = {
				ALWAYS_SEARCH_USER_PATHS = NO;
				CLANG_ANALYZER_NONNULL = YES;
				CLANG_ANALYZER_NUMBER_OBJECT_CONVERSION = YES_AGGRESSIVE;
				CLANG_CXX_LANGUAGE_STANDARD = "gnu++17";
				CLANG_CXX_LIBRARY = "libc++";
				CLANG_ENABLE_MODULES = YES;
				CLANG_ENABLE_OBJC_ARC = YES;
				CLANG_ENABLE_OBJC_WEAK = YES;
				CLANG_WARN_BLOCK_CAPTURE_AUTORELEASING = YES;
				CLANG_WARN_BOOL_CONVERSION = YES;
				CLANG_WARN_COMMA = YES;
				CLANG_WARN_CONSTANT_CONVERSION = YES;
				CLANG_WARN_DEPRECATED_OBJC_IMPLEMENTATIONS = YES;
				CLANG_WARN_DIRECT_OBJC_ISA_USAGE = YES_ERROR;
				CLANG_WARN_DOCUMENTATION_COMMENTS = YES;
				CLANG_WARN_EMPTY_BODY = YES;
				CLANG_WARN_ENUM_CONVERSION = YES;
				CLANG_WARN_INFINITE_RECURSION = YES;
				CLANG_WARN_INT_CONVERSION = YES;
				CLANG_WARN_NON_LITERAL_NULL_CONVERSION = YES;
				CLANG_WARN_OBJC_IMPLICIT_RETAIN_SELF = YES;
				CLANG_WARN_OBJC_LITERAL_CONVERSION = YES;
				CLANG_WARN_OBJC_ROOT_CLASS = YES_ERROR;
				CLANG_WARN_QUOTED_INCLUDE_IN_FRAMEWORK_HEADER = YES;
				CLANG_WARN_RANGE_LOOP_ANALYSIS = YES;
				CLANG_WARN_STRICT_PROTOTYPES = YES;
				CLANG_WARN_SUSPICIOUS_MOVE = YES;
				CLANG_WARN_UNGUARDED_AVAILABILITY = YES_AGGRESSIVE;
				CLANG_WARN_UNREACHABLE_CODE = YES;
				CLANG_WARN__DUPLICATE_METHOD_MATCH = YES;
				COPY_PHASE_STRIP = NO;
				DEBUG_INFORMATION_FORMAT = "dwarf-with-dsym";
				ENABLE_NS_ASSERTIONS = NO;
				ENABLE_STRICT_OBJC_MSGSEND = YES;
				GCC_C_LANGUAGE_STANDARD = gnu11;
				GCC_NO_COMMON_BLOCKS = YES;
				GCC_WARN_64_TO_32_BIT_CONVERSION = YES;
				GCC_WARN_ABOUT_RETURN_TYPE = YES_ERROR;
				GCC_WARN_UNDECLARED_SELECTOR = YES;
				GCC_WARN_UNINITIALIZED_AUTOS = YES_AGGRESSIVE;
				GCC_WARN_UNUSED_FUNCTION = YES;
				GCC_WARN_UNUSED_VARIABLE = YES;
				IPHONEOS_DEPLOYMENT_TARGET = 15.2;
				MTL_ENABLE_DEBUG_INFO = NO;
				MTL_FAST_MATH = YES;
				SDKROOT = iphoneos;
				SWIFT_COMPILATION_MODE = wholemodule;
				SWIFT_OPTIMIZATION_LEVEL = "-O";
				VALIDATE_PRODUCT = YES;
			};
			name = Release;
		};
		3433D11F28C09478002D8495 /* Debug */ = {
			isa = XCBuildConfiguration;
			buildSettings = {
				ASSETCATALOG_COMPILER_APPICON_NAME = AppIcon;
				ASSETCATALOG_COMPILER_GLOBAL_ACCENT_COLOR_NAME = AccentColor;
				CODE_SIGN_STYLE = Automatic;
				CURRENT_PROJECT_VERSION = 1;
				DEVELOPMENT_TEAM = CS74BX356F;
				GENERATE_INFOPLIST_FILE = YES;
				INFOPLIST_FILE = SeguesAndGestures/Info.plist;
				INFOPLIST_KEY_UIApplicationSupportsIndirectInputEvents = YES;
				INFOPLIST_KEY_UILaunchStoryboardName = LaunchScreen;
				INFOPLIST_KEY_UIMainStoryboardFile = Main;
				INFOPLIST_KEY_UISupportedInterfaceOrientations_iPad = "UIInterfaceOrientationPortrait UIInterfaceOrientationPortraitUpsideDown UIInterfaceOrientationLandscapeLeft UIInterfaceOrientationLandscapeRight";
				INFOPLIST_KEY_UISupportedInterfaceOrientations_iPhone = "UIInterfaceOrientationPortrait UIInterfaceOrientationLandscapeLeft UIInterfaceOrientationLandscapeRight";
				LD_RUNPATH_SEARCH_PATHS = (
					"$(inherited)",
					"@executable_path/Frameworks",
				);
				MARKETING_VERSION = 1.0;
				PRODUCT_BUNDLE_IDENTIFIER = com.paulinegiseladenise.SeguesAndGestures;
				PRODUCT_NAME = "$(TARGET_NAME)";
				SWIFT_EMIT_LOC_STRINGS = YES;
				SWIFT_VERSION = 5.0;
				TARGETED_DEVICE_FAMILY = "1,2";
			};
			name = Debug;
		};
		3433D12028C09478002D8495 /* Release */ = {
			isa = XCBuildConfiguration;
			buildSettings = {
				ASSETCATALOG_COMPILER_APPICON_NAME = AppIcon;
				ASSETCATALOG_COMPILER_GLOBAL_ACCENT_COLOR_NAME = AccentColor;
				CODE_SIGN_STYLE = Automatic;
				CURRENT_PROJECT_VERSION = 1;
				DEVELOPMENT_TEAM = CS74BX356F;
				GENERATE_INFOPLIST_FILE = YES;
				INFOPLIST_FILE = SeguesAndGestures/Info.plist;
				INFOPLIST_KEY_UIApplicationSupportsIndirectInputEvents = YES;
				INFOPLIST_KEY_UILaunchStoryboardName = LaunchScreen;
				INFOPLIST_KEY_UIMainStoryboardFile = Main;
				INFOPLIST_KEY_UISupportedInterfaceOrientations_iPad = "UIInterfaceOrientationPortrait UIInterfaceOrientationPortraitUpsideDown UIInterfaceOrientationLandscapeLeft UIInterfaceOrientationLandscapeRight";
				INFOPLIST_KEY_UISupportedInterfaceOrientations_iPhone = "UIInterfaceOrientationPortrait UIInterfaceOrientationLandscapeLeft UIInterfaceOrientationLandscapeRight";
				LD_RUNPATH_SEARCH_PATHS = (
					"$(inherited)",
					"@executable_path/Frameworks",
				);
				MARKETING_VERSION = 1.0;
				PRODUCT_BUNDLE_IDENTIFIER = com.paulinegiseladenise.SeguesAndGestures;
				PRODUCT_NAME = "$(TARGET_NAME)";
				SWIFT_EMIT_LOC_STRINGS = YES;
				SWIFT_VERSION = 5.0;
				TARGETED_DEVICE_FAMILY = "1,2";
			};
			name = Release;
		};
		3433D12228C09478002D8495 /* Debug */ = {
			isa = XCBuildConfiguration;
			buildSettings = {
				ALWAYS_EMBED_SWIFT_STANDARD_LIBRARIES = YES;
				BUNDLE_LOADER = "$(TEST_HOST)";
				CODE_SIGN_STYLE = Automatic;
				CURRENT_PROJECT_VERSION = 1;
				DEVELOPMENT_TEAM = CS74BX356F;
				GENERATE_INFOPLIST_FILE = YES;
				IPHONEOS_DEPLOYMENT_TARGET = 15.2;
				MARKETING_VERSION = 1.0;
				PRODUCT_BUNDLE_IDENTIFIER = com.paulinegiseladenise.SeguesAndGesturesTests;
				PRODUCT_NAME = "$(TARGET_NAME)";
				SWIFT_EMIT_LOC_STRINGS = NO;
				SWIFT_VERSION = 5.0;
				TARGETED_DEVICE_FAMILY = "1,2";
				TEST_HOST = "$(BUILT_PRODUCTS_DIR)/SeguesAndGestures.app/SeguesAndGestures";
			};
			name = Debug;
		};
		3433D12328C09478002D8495 /* Release */ = {
			isa = XCBuildConfiguration;
			buildSettings = {
				ALWAYS_EMBED_SWIFT_STANDARD_LIBRARIES = YES;
				BUNDLE_LOADER = "$(TEST_HOST)";
				CODE_SIGN_STYLE = Automatic;
				CURRENT_PROJECT_VERSION = 1;
				DEVELOPMENT_TEAM = CS74BX356F;
				GENERATE_INFOPLIST_FILE = YES;
				IPHONEOS_DEPLOYMENT_TARGET = 15.2;
				MARKETING_VERSION = 1.0;
				PRODUCT_BUNDLE_IDENTIFIER = com.paulinegiseladenise.SeguesAndGesturesTests;
				PRODUCT_NAME = "$(TARGET_NAME)";
				SWIFT_EMIT_LOC_STRINGS = NO;
				SWIFT_VERSION = 5.0;
				TARGETED_DEVICE_FAMILY = "1,2";
				TEST_HOST = "$(BUILT_PRODUCTS_DIR)/SeguesAndGestures.app/SeguesAndGestures";
			};
			name = Release;
		};
		3433D12528C09478002D8495 /* Debug */ = {
			isa = XCBuildConfiguration;
			buildSettings = {
				ALWAYS_EMBED_SWIFT_STANDARD_LIBRARIES = YES;
				CODE_SIGN_STYLE = Automatic;
				CURRENT_PROJECT_VERSION = 1;
				DEVELOPMENT_TEAM = CS74BX356F;
				GENERATE_INFOPLIST_FILE = YES;
				MARKETING_VERSION = 1.0;
				PRODUCT_BUNDLE_IDENTIFIER = com.paulinegiseladenise.SeguesAndGesturesUITests;
				PRODUCT_NAME = "$(TARGET_NAME)";
				SWIFT_EMIT_LOC_STRINGS = NO;
				SWIFT_VERSION = 5.0;
				TARGETED_DEVICE_FAMILY = "1,2";
				TEST_TARGET_NAME = SeguesAndGestures;
			};
			name = Debug;
		};
		3433D12628C09478002D8495 /* Release */ = {
			isa = XCBuildConfiguration;
			buildSettings = {
				ALWAYS_EMBED_SWIFT_STANDARD_LIBRARIES = YES;
				CODE_SIGN_STYLE = Automatic;
				CURRENT_PROJECT_VERSION = 1;
				DEVELOPMENT_TEAM = CS74BX356F;
				GENERATE_INFOPLIST_FILE = YES;
				MARKETING_VERSION = 1.0;
				PRODUCT_BUNDLE_IDENTIFIER = com.paulinegiseladenise.SeguesAndGesturesUITests;
				PRODUCT_NAME = "$(TARGET_NAME)";
				SWIFT_EMIT_LOC_STRINGS = NO;
				SWIFT_VERSION = 5.0;
				TARGETED_DEVICE_FAMILY = "1,2";
				TEST_TARGET_NAME = SeguesAndGestures;
			};
			name = Release;
		};
/* End XCBuildConfiguration section */

/* Begin XCConfigurationList section */
		3433D0EF28C09475002D8495 /* Build configuration list for PBXProject "SeguesAndGestures" */ = {
			isa = XCConfigurationList;
			buildConfigurations = (
				3433D11C28C09478002D8495 /* Debug */,
				3433D11D28C09478002D8495 /* Release */,
			);
			defaultConfigurationIsVisible = 0;
			defaultConfigurationName = Release;
		};
		3433D11E28C09478002D8495 /* Build configuration list for PBXNativeTarget "SeguesAndGestures" */ = {
			isa = XCConfigurationList;
			buildConfigurations = (
				3433D11F28C09478002D8495 /* Debug */,
				3433D12028C09478002D8495 /* Release */,
			);
			defaultConfigurationIsVisible = 0;
			defaultConfigurationName = Release;
		};
		3433D12128C09478002D8495 /* Build configuration list for PBXNativeTarget "SeguesAndGesturesTests" */ = {
			isa = XCConfigurationList;
			buildConfigurations = (
				3433D12228C09478002D8495 /* Debug */,
				3433D12328C09478002D8495 /* Release */,
			);
			defaultConfigurationIsVisible = 0;
			defaultConfigurationName = Release;
		};
		3433D12428C09478002D8495 /* Build configuration list for PBXNativeTarget "SeguesAndGesturesUITests" */ = {
			isa = XCConfigurationList;
			buildConfigurations = (
				3433D12528C09478002D8495 /* Debug */,
				3433D12628C09478002D8495 /* Release */,
			);
			defaultConfigurationIsVisible = 0;
			defaultConfigurationName = Release;
		};
/* End XCConfigurationList section */
	};
	rootObject = 3433D0EC28C09475002D8495 /* Project object */;
}
